[[package]]
name = "room_manager.aleo"
location = "local"
path = "/Users/johnwu/code/aleo/welcome/zkpoker/room_manager"
checksum = "6593ab530b746113f6c31ed0066f21c569210970b7fe4bce29a48211003b4322"
dependencies = []

[[package]]
name = "dealer.aleo"
location = "local"
path = "/Users/johnwu/code/aleo/welcome/zkpoker/dealer"
checksum = "034d5cf4cda46cf67f299a4750b4916ef71b2a0d82a1cc9661b0b91448f1176a"
dependencies = ["room_manager.aleo"]
